
Microsoft Visual Studio Solution File, Format Version 12.00
# Visual Studio Version 17
VisualStudioVersion = 17.5.002.0
MinimumVisualStudioVersion = 10.0.40219.1
Project("{9A19103F-16F7-4668-BE54-9A1E7A4F7556}") = "ImageEncryptCompress", "ImageEncryptCompress.csproj", "{D709E8D0-73CA-4A4A-90BE-91DBEACF836A}"
EndProject
Global
	GlobalSection(SolutionConfigurationPlatforms) = preSolution
		Debug|Any CPU = Debug|Any CPU
		Release|Any CPU = Release|Any CPU
	EndGlobalSection
	GlobalSection(ProjectConfigurationPlatforms) = postSolution
		{D709E8D0-73CA-4A4A-90BE-91DBEACF836A}.Debug|Any CPU.ActiveCfg = Debug|Any CPU
		{D709E8D0-73CA-4A4A-90BE-91DBEACF836A}.Debug|Any CPU.Build.0 = Debug|Any CPU
		{D709E8D0-73CA-4A4A-90BE-91DBEACF836A}.Release|Any CPU.ActiveCfg = Release|Any CPU
		{D709E8D0-73CA-4A4A-90BE-91DBEACF836A}.Release|Any CPU.Build.0 = Release|Any CPU
	EndGlobalSection
	GlobalSection(SolutionProperties) = preSolution
		HideSolutionNode = FALSE
	EndGlobalSection
	GlobalSection(ExtensibilityGlobals) = postSolution
		SolutionGuid = {BB90B020-05B6-49CB-8328-EFE1D80A2718}
	EndGlobalSection
EndGlobal
